---
lockfileVersion: '9.0'

importers:

  .:
    configDependencies: {}
    packageManagerDependencies:
      '@pnpm/exe':
        specifier: ^11.2.2
        version: 11.28.4
      pnpm:
        specifier: ^11.2.2
        version: 11.28.4

packages:

  '@pnpm/exe@11.28.4':
    resolution: {integrity: sha512-62vcMHKE13BPLyxXEg3HFTZyeiAtmP9vRaINXPN7NxF8euxGKI1aylZyUx3kLnrbaUheolAq7G6VAgE/IU6XpQ==}
    hasBin: true

  '@pnpm/linux-arm64@11.28.4':
    resolution: {integrity: sha512-tfgKglvcw7GHa6mFltiwecL2nPXdMOHH0JujEP4mP2xY54Xuw48mmNwP6dBCB7qNQjEzRElSn0Dneb8ojNor5g==}
    cpu: [arm64]
    os: [linux]

  '@pnpm/linux-x64@11.28.4':
    resolution: {integrity: sha512-YaQdr93W6z170UwA8zBl1l95u8JYS5moUjEth0nwbv12VLpe+ODOzfmRkZh9MjKNi6nb20RRNijwLPimi0H0VA==}
    cpu: [x64]
    os: [linux]

  '@pnpm/linuxstatic-x64@11.28.4':
    resolution: {integrity: sha512-2ehG6/gxzCiatxIuq7OMHiTw9eFQX1gfZ0SA5PbqhHCFYmjt9Pk/ZpALBcrt2xtcf1LwUcXF2I5jngT6jZQctA==}
    cpu: [x64]
    os: [linux]
    libc: [musl]

  '@pnpm/macos-arm64@11.28.4':
    resolution: {integrity: sha512-IzV93UnrNjtnNwm5hduW2iRCVi8lvnQgbZVVZ/ebxYAdmfY4xV1cBgloRLL14zIuNyhq/s/cuyjlSstvzeN6kQ==}
    cpu: [arm64]
    os: [darwin]

  '@pnpm/win-arm64@11.28.4':
    resolution: {integrity: sha512-JK/ItJwjpcMn+KWs/u3XCzTMtMKp4tF6YgW0wqmanNrP55lNAb3Xk7luXkQ7473RvL62SazcYQ9kwAwza9QvzQ==}
    cpu: [arm64]
    os: [win32]

  '@pnpm/win-x64@11.28.4':
    resolution: {integrity: sha512-pXY2dTJZLchLn1eTxKDzOpgivy/TiqIVIytu9zaQbMmrvtlLBs1rx1dcGBOCKfmx14OJprC+DxYHEag7bSH4HA==}
    cpu: [x64]
    os: [win32]

  '@reflink/reflink-darwin-arm64@0.1.19':
    resolution: {integrity: sha512-ruy44Lpepdk1FqDz38vExBY/PVUsjxZA+chd9wozjUH9JjuDT/HEaQYA6wYN9mf041l0yLVar6BCZuWABJvHSA==}
    engines: {node: '>= 10'}
    cpu: [arm64]
    os: [darwin]

  '@reflink/reflink-darwin-x64@0.1.19':
    resolution: {integrity: sha512-By85MSWrMZa+c26TcnAy8SDk0sTUkYlNnwknSchkhHpGXOtjNDUOxJE9oByBnGbeuIE1PiQsxDG3Ud+IVV9yuA==}
    engines: {node: '>= 10'}
    cpu: [x64]
    os: [darwin]

  '@reflink/reflink-linux-arm64-gnu@0.1.19':
    resolution: {integrity: sha512-7P+er8+rP9iNeN+bfmccM4hTAaLP6PQJPKWSA4iSk2bNvo6KU6RyPgYeHxXmzNKzPVRcypZQTpFgstHam6maVg==}
    engines: {node: '>= 10'}
    cpu: [arm64]
    os: [linux]
    libc: [glibc]

  '@reflink/reflink-linux-arm64-musl@0.1.19':
    resolution: {integrity: sha512-37iO/Dp6m5DDaC2sf3zPtx/hl9FV3Xze4xoYidrxxS9bgP3S8ALroxRK6xBG/1TtfXKTvolvp+IjrUU6ujIGmA==}
    engines: {node: '>= 10'}
    cpu: [arm64]
    os: [linux]
    libc: [musl]

  '@reflink/reflink-linux-x64-gnu@0.1.19':
    resolution: {integrity: sha512-jbI8jvuYCaA3MVUdu8vLoLAFqC+iNMpiSuLbxlAgg7x3K5bsS8nOpTRnkLF7vISJ+rVR8W+7ThXlXlUQ93ulkw==}
    engines: {node: '>= 10'}
    cpu: [x64]
    os: [linux]
    libc: [glibc]

  '@reflink/reflink-linux-x64-musl@0.1.19':
    resolution: {integrity: sha512-e9FBWDe+lv7QKAwtKOt6A2W/fyy/aEEfr0g6j/hWzvQcrzHCsz07BNQYlNOjTfeytrtLU7k449H1PI95jA4OjQ==}
    engines: {node: '>= 10'}
    cpu: [x64]
    os: [linux]
    libc: [musl]

  '@reflink/reflink-win32-arm64-msvc@0.1.19':
    resolution: {integrity: sha512-09PxnVIQcd+UOn4WAW73WU6PXL7DwGS6wPlkMhMg2zlHHG65F3vHepOw06HFCq+N42qkaNAc8AKIabWvtk6cIQ==}
    engines: {node: '>= 10'}
    cpu: [arm64]
    os: [win32]

  '@reflink/reflink-win32-x64-msvc@0.1.19':
    resolution: {integrity: sha512-E//yT4ni2SyhwP8JRjVGWr3cbnhWDiPLgnQ66qqaanjjnMiu3O/2tjCPQXlcGc/DEYofpDc9fvhv6tALQsMV9w==}
    engines: {node: '>= 10'}
    cpu: [x64]
    os: [win32]

  '@reflink/reflink@0.1.19':
    resolution: {integrity: sha512-DmCG8GzysnCZ15bres3N5AHCmwBwYgp0As6xjhQ47rAUTUXxJiK+lLUxaGsX3hd/30qUpVElh05PbGuxRPgJwA==}
    engines: {node: '>= 10'}

  detect-libc@2.1.2:
    resolution: {integrity: sha512-Btj2BOOO83o3WyH59e8MgXsxEQVcarkUOpEYrubB0urwnN10yQ364rsiByU11nZlqWYZm05i/of7io4mzihBtQ==}
    engines: {node: '>=8'}

  pnpm@11.28.4:
    resolution: {integrity: sha512-+QWmFWP4m0mikmNNPYfQJM/eqdzPXGayzMJhZ1+nsndDIKlZ20cubKp/n/cxRwnNUNBsj9ZK3bYGRzd6eNJQ/w==}
    engines: {node: '>=22.13'}
    hasBin: true

snapshots:

  '@pnpm/exe@11.28.4':
    dependencies:
      '@reflink/reflink': 0.1.19
      detect-libc: 2.1.2
    optionalDependencies:
      '@pnpm/linux-arm64': 11.28.4
      '@pnpm/linux-x64': 11.28.4
      '@pnpm/linuxstatic-x64': 11.28.4
      '@pnpm/macos-arm64': 11.28.4
      '@pnpm/win-arm64': 11.28.4
      '@pnpm/win-x64': 11.28.4

  '@pnpm/linux-arm64@11.28.4':
    optional: true

  '@pnpm/linux-x64@11.28.4':
    optional: true

  '@pnpm/linuxstatic-x64@11.28.4':
    optional: true

  '@pnpm/macos-arm64@11.28.4':
    optional: true

  '@pnpm/win-arm64@11.28.4':
    optional: true

  '@pnpm/win-x64@11.28.4':
    optional: true

  '@reflink/reflink-darwin-arm64@0.1.19':
    optional: true

  '@reflink/reflink-darwin-x64@0.1.19':
    optional: true

  '@reflink/reflink-linux-arm64-gnu@0.1.19':
    optional: true

  '@reflink/reflink-linux-arm64-musl@0.1.19':
    optional: true

  '@reflink/reflink-linux-x64-gnu@0.1.19':
    optional: true

  '@reflink/reflink-linux-x64-musl@0.1.19':
    optional: true

  '@reflink/reflink-win32-arm64-msvc@0.1.19':
    optional: true

  '@reflink/reflink-win32-x64-msvc@0.1.19':
    optional: true

  '@reflink/reflink@0.1.19':
    optionalDependencies:
      '@reflink/reflink-darwin-arm64': 0.1.19
      '@reflink/reflink-darwin-x64': 0.1.19
      '@reflink/reflink-linux-arm64-gnu': 0.1.19
      '@reflink/reflink-linux-arm64-musl': 0.1.19
      '@reflink/reflink-linux-x64-gnu': 0.1.19
      '@reflink/reflink-linux-x64-musl': 0.1.19
      '@reflink/reflink-win32-arm64-msvc': 0.1.19
      '@reflink/reflink-win32-x64-msvc': 0.1.19

  detect-libc@2.1.2: {}

  pnpm@11.28.4: {}

---
lockfileVersion: '9.0'

settings:
  autoInstallPeers: true
  excludeLinksFromLockfile: false

importers:

  .:
    dependencies:
      lunar-javascript:
        specifier: ^1.7.7
        version: 1.7.7
    devDependencies:
      esbuild:
        specifier: ^0.28.2
        version: 0.28.2

packages:

  '@esbuild/aix-ppc64@0.28.2':
    resolution: {integrity: sha512-XExcO+dvLKvVtNTibSTBej1NCAbaGhWn9Ww1ZPx80qsahhPFe/8jgWP0IchNe0F3HwkU7n8ejhH8bjonqht8mQ==}
    engines: {node: '>=18'}
    cpu: [ppc64]
    os: [aix]

  '@esbuild/android-arm64@0.28.2':
    resolution: {integrity: sha512-5YfKeeI8qWfBZIX+u2xZC3Zlb3Os/gLS2sbEKM+I4ZOcsWmHS2WLysCcQZDAFRslDUU5Oiq44gf6PYN1vGwG5A==}
    engines: {node: '>=18'}
    cpu: [arm64]
    os: [android]

  '@esbuild/android-arm@0.28.2':
    resolution: {integrity: sha512-kXXoiPVVGQcnIYGOeaovwOURpniDBpSq4A03qkQ+BMQqtGG6HYap3xne9C1O1yo4TR3qxlCX5IqqmX6fFo2Lqg==}
    engines: {node: '>=18'}
    cpu: [arm]
    os: [android]

  '@esbuild/android-x64@0.28.2':
    resolution: {integrity: sha512-O387ite7SzUyCcy3JQX4P4bLtEA7bLLkx+esve5JHnyYfNTxcVpXZo9jhdB0lTKN44gztELTdU7nS8Nr16Fs1Q==}
    engines: {node: '>=18'}
    cpu: [x64]
    os: [android]

  '@esbuild/darwin-arm64@0.28.2':
    resolution: {integrity: sha512-n4KqkOQrraxHJcgjM1RvwbigfQKIKJVpM7xp+KsxiyUSrRdIXnt73VhrPAx0fV44hgfmIVKjxMN9J1t5jySVkw==}
    engines: {node: '>=18'}
    cpu: [arm64]
    os: [darwin]

  '@esbuild/darwin-x64@0.28.2':
    resolution: {integrity: sha512-uq6suIWYP37qzGddBKPw5QEQPi6HiLGsO7UmkpfyaYNQ3D+rN6w6WfwH+nuqcGXWvawGwxOEroO4YGnFh95azw==}
    engines: {node: '>=18'}
    cpu: [x64]
    os: [darwin]

  '@esbuild/freebsd-arm64@0.28.2':
    resolution: {integrity: sha512-n+I0BTSRIoy+d6RPKnEVwql5UwBJolytvY4mAOIEJorKlqgPII8ix6slVVrfZ5Tnj7glIZvloylbB/EJPMWEXw==}
    engines: {node: '>=18'}
    cpu: [arm64]
    os: [freebsd]

  '@esbuild/freebsd-x64@0.28.2':
    resolution: {integrity: sha512-78XJTJkvPs0kz2w61301PJjXl4g7q3JqiYMZ/M/yVI73EHBrCRTgkhu9oqG7vPqq+a/yadEW8aD+agKlk5xrmg==}
    engines: {node: '>=18'}
    cpu: [x64]
    os: [freebsd]

  '@esbuild/linux-arm64@0.28.2':
    resolution: {integrity: sha512-pW4AC0P3it8c7do9MVM4p51FzHzdM/TZrerurgRcHJ2WTa1VQ1CIq18xncfpBJw4ojkiZZrKW2yIBWBP92j6Ug==}
    engines: {node: '>=18'}
    cpu: [arm64]
    os: [linux]

  '@esbuild/linux-arm@0.28.2':
    resolution: {integrity: sha512-XlDnu2q5yoqems+xay6wSAcg9DDD7K9RLKZEBOMZm3ckNpJBvOX20tSfby8KfrrhINDyv9V2YVZKY/SpoGJI8w==}
    engines: {node: '>=18'}
    cpu: [arm]
    os: [linux]

  '@esbuild/linux-ia32@0.28.2':
    resolution: {integrity: sha512-CYbnj78HsIeA+DhgUKgFCfvNsTHFhMMrinUrMZpDXJXKN8T3XViTZ/+wtHeVxEWY8ewSzTFN+nRmSwO2tZaLUQ==}
    engines: {node: '>=18'}
    cpu: [ia32]
    os: [linux]

  '@esbuild/linux-loong64@0.28.2':
    resolution: {integrity: sha512-buwkd8nsph4R+ajRvw0qM5Hja/TXQow3ptzWO2EbG/cqcIkHloRrdlBtQlshyYGTNFvfkfJ5tpPLVkY4DtsPfQ==}
    engines: {node: '>=18'}
    cpu: [loong64]
    os: [linux]

  '@esbuild/linux-mips64el@0.28.2':
    resolution: {integrity: sha512-ZVykbDyk7519VwiNb9Lcj9m8XM6v5V9uKPvrEMkkEedVewf+0itkhahp4HDpgERXhwLRpWFypsGbG/J8s0QjJA==}
    engines: {node: '>=18'}
    cpu: [mips64el]
    os: [linux]

  '@esbuild/linux-ppc64@0.28.2':
    resolution: {integrity: sha512-CAXl+Dtd9UUuJd8pKKdwh6MLm3MUMiqMPmhZ3tTSXPqfyQ3vDl6R5hZdZ/kYojK4ofXtdfSv1tFq8XzWx3heNQ==}
    engines: {node: '>=18'}
    cpu: [ppc64]
    os: [linux]

  '@esbuild/linux-riscv64@0.28.2':
    resolution: {integrity: sha512-GeXCej4IQtU1B+QlDV8W/RRvbzI3O/Stss+/bCXv4lZls5WGRtu2a+3JkA3i4qIUlMXpcHebWpF8AkJhATowuA==}
    engines: {node: '>=18'}
    cpu: [riscv64]
    os: [linux]

  '@esbuild/linux-s390x@0.28.2':
    resolution: {integrity: sha512-3H1weTYZPxt/WOhByszQZybS9w5lKzUn1FDMsgEChbHWQwHYQQRfBxgCcZvPhjHfKyJjIievvMmEUawJrdY9Dg==}
    engines: {node: '>=18'}
    cpu: [s390x]
    os: [linux]

  '@esbuild/linux-x64@0.28.2':
    resolution: {integrity: sha512-4xTZr1FUmSoQW4XIWmit3tzQrUTZM+N3P0XV8xROKYF50XfI7xeO90+1bZvNwxIufQ9hDQVRJH5YhgPVF8A/HQ==}
    engines: {node: '>=18'}
    cpu: [x64]
    os: [linux]

  '@esbuild/netbsd-arm64@0.28.2':
    resolution: {integrity: sha512-sSATRjPeDBg3pdgHoQfoYBob11Kk1FGa9lui5RIHZCoCkJa9QKlvl3/vKz2usCmYYjs7ymJR/2Nnsqe+Hjt5nw==}
    engines: {node: '>=18'}
    cpu: [arm64]
    os: [netbsd]

  '@esbuild/netbsd-x64@0.28.2':
    resolution: {integrity: sha512-lqnzCV+mM0gIADaKihiCg6ifgfU2L3h5E33rNQBN1Y4MaVGnzryzmvvf7UHxprpQdE8hpqLolJ9Rl+SkIRDpyw==}
    engines: {node: '>=18'}
    cpu: [x64]
    os: [netbsd]

  '@esbuild/openbsd-arm64@0.28.2':
    resolution: {integrity: sha512-AL2qJILH7lNjrDmCQDvdxMfAUIv8KMNZOvrwAQ8i8//ntL9FflhOyMJ8OZSMBb8/AWXe3/5v5S20y3zCoZWKoQ==}
    engines: {node: '>=18'}
    cpu: [arm64]
    os: [openbsd]

  '@esbuild/openbsd-x64@0.28.2':
    resolution: {integrity: sha512-QtiuPytchRyC4rwUKhexJdQKvDuZ6hWloi3igqPQNUJCS1/v9EiO3UTOXR6A3FoMo4fnAKbWJdqaIwhOzh8qEw==}
    engines: {node: '>=18'}
    cpu: [x64]
    os: [openbsd]

  '@esbuild/openharmony-arm64@0.28.2':
    resolution: {integrity: sha512-WkhYDmpTjLvGlScA1rwjRUmhl4k8oXR3cIbtqWmELgU/dFeHHlEllxDvdWcNJV9rbzCexB5vz8gtNewWLgCT7Q==}
    engines: {node: '>=18'}
    cpu: [arm64]
    os: [openharmony]

  '@esbuild/sunos-x64@0.28.2':
    resolution: {integrity: sha512-GPMSkTOtMnv2U2F8gxe4Io6qmVs+YKyp832Etqqxr0hFngmXQ3rzwytelm3GIn7T4VviRUlf3sOgBOiTdvaf7g==}
    engines: {node: '>=18'}
    cpu: [x64]
    os: [sunos]

  '@esbuild/win32-arm64@0.28.2':
    resolution: {integrity: sha512-PIhhEkE9uPBleRBrQEJpUn7MBnibZzbGzYWPmY3x+YoVg/95zbjB4CxPPOQ8l5tYYM4mMaCthF8/1DIfBQQyWQ==}
    engines: {node: '>=18'}
    cpu: [arm64]
    os: [win32]

  '@esbuild/win32-ia32@0.28.2':
    resolution: {integrity: sha512-YmJbfTlvU7Sdn9BB+4PRES4oB6pxgS37MAONj+hBr/cpXS1aBPKXxNnDbu+QCWPj0o9dgyxeq79g6c5P8KeuYA==}
    engines: {node: '>=18'}
    cpu: [ia32]
    os: [win32]

  '@esbuild/win32-x64@0.28.2':
    resolution: {integrity: sha512-5ebpxr3nWMzrL/rnUI755Jkuee0bHL/Gq0WTF9lvcpv73wAp5eu8MfBUgWK9bhWvZjj7yX8etf/8tI8Ney695g==}
    engines: {node: '>=18'}
    cpu: [x64]
    os: [win32]

  esbuild@0.28.2:
    resolution: {integrity: sha512-HKVLS8dvII+xoKW9kmqxbRKrnWEXfJJr/FZhhJmiqIB0e053QNYFqOBouTMO/k5sID4MvCiUCvv8b9M4h32wIA==}
    engines: {node: '>=18'}
    hasBin: true

  lunar-javascript@1.7.7:
    resolution: {integrity: sha512-u/KYiwPIBo/0bT+WWfU7qO1d+aqeB90Tuy4ErXenr2Gam0QcWeezUvtiOIyXR7HbVnW2I1DKfU0NBvzMZhbVQw==}

snapshots:

  '@esbuild/aix-ppc64@0.28.2':
    optional: true

  '@esbuild/android-arm64@0.28.2':
    optional: true

  '@esbuild/android-arm@0.28.2':
    optional: true

  '@esbuild/android-x64@0.28.2':
    optional: true

  '@esbuild/darwin-arm64@0.28.2':
    optional: true

  '@esbuild/darwin-x64@0.28.2':
    optional: true

  '@esbuild/freebsd-arm64@0.28.2':
    optional: true

  '@esbuild/freebsd-x64@0.28.2':
    optional: true

  '@esbuild/linux-arm64@0.28.2':
    optional: true

  '@esbuild/linux-arm@0.28.2':
    optional: true

  '@esbuild/linux-ia32@0.28.2':
    optional: true

  '@esbuild/linux-loong64@0.28.2':
    optional: true

  '@esbuild/linux-mips64el@0.28.2':
    optional: true

  '@esbuild/linux-ppc64@0.28.2':
    optional: true

  '@esbuild/linux-riscv64@0.28.2':
    optional: true

  '@esbuild/linux-s390x@0.28.2':
    optional: true

  '@esbuild/linux-x64@0.28.2':
    optional: true

  '@esbuild/netbsd-arm64@0.28.2':
    optional: true

  '@esbuild/netbsd-x64@0.28.2':
    optional: true

  '@esbuild/openbsd-arm64@0.28.2':
    optional: true

  '@esbuild/openbsd-x64@0.28.2':
    optional: true

  '@esbuild/openharmony-arm64@0.28.2':
    optional: true

  '@esbuild/sunos-x64@0.28.2':
    optional: true

  '@esbuild/win32-arm64@0.28.2':
    optional: true

  '@esbuild/win32-ia32@0.28.2':
    optional: true

  '@esbuild/win32-x64@0.28.2':
    optional: true

  esbuild@0.28.2:
    optionalDependencies:
      '@esbuild/aix-ppc64': 0.28.2
      '@esbuild/android-arm': 0.28.2
      '@esbuild/android-arm64': 0.28.2
      '@esbuild/android-x64': 0.28.2
      '@esbuild/darwin-arm64': 0.28.2
      '@esbuild/darwin-x64': 0.28.2
      '@esbuild/freebsd-arm64': 0.28.2
      '@esbuild/freebsd-x64': 0.28.2
      '@esbuild/linux-arm': 0.28.2
      '@esbuild/linux-arm64': 0.28.2
      '@esbuild/linux-ia32': 0.28.2
      '@esbuild/linux-loong64': 0.28.2
      '@esbuild/linux-mips64el': 0.28.2
      '@esbuild/linux-ppc64': 0.28.2
      '@esbuild/linux-riscv64': 0.28.2
      '@esbuild/linux-s390x': 0.28.2
      '@esbuild/linux-x64': 0.28.2
      '@esbuild/netbsd-arm64': 0.28.2
      '@esbuild/netbsd-x64': 0.28.2
      '@esbuild/openbsd-arm64': 0.28.2
      '@esbuild/openbsd-x64': 0.28.2
      '@esbuild/openharmony-arm64': 0.28.2
      '@esbuild/sunos-x64': 0.28.2
      '@esbuild/win32-arm64': 0.28.2
      '@esbuild/win32-ia32': 0.28.2
      '@esbuild/win32-x64': 0.28.2

  lunar-javascript@1.7.7: {}
